// !$*UTF8*$!
{
	archiveVersion = 1;
	classes = {
	};
	objectVersion = 48;
	objects = {

/* Begin PBXBuildFile section */
		9B5758C81FA0C22400BD58F6 /* EditNameDelegate.swift in Sources */ = {isa = PBXBuildFile; fileRef = 9B5758C71FA0C22400BD58F6 /* EditNameDelegate.swift */; };
		9BDBD25A1F9FA95C00CBC250 /* AppDelegate.swift in Sources */ = {isa = PBXBuildFile; fileRef = 9BDBD2591F9FA95C00CBC250 /* AppDelegate.swift */; };
		9BDBD25F1F9FA95C00CBC250 /* Main.storyboard in Resources */ = {isa = PBXBuildFile; fileRef = 9BDBD25D1F9FA95C00CBC250 /* Main.storyboard */; };
		9BDBD2611F9FA95C00CBC250 /* Assets.xcassets in Resources */ = {isa = PBXBuildFile; fileRef = 9BDBD2601F9FA95C00CBC250 /* Assets.xcassets */; };
		9BDBD2641F9FA95C00CBC250 /* LaunchScreen.storyboard in Resources */ = {isa = PBXBuildFile; fileRef = 9BDBD2621F9FA95C00CBC250 /* LaunchScreen.storyboard */; };
		9BDBD26C1F9FAAD100CBC250 /* ProfileViewController.swift in Sources */ = {isa = PBXBuildFile; fileRef = 9BDBD26B1F9FAAD100CBC250 /* ProfileViewController.swift */; };
		9BDBD26E1F9FAC4D00CBC250 /* EditViewController.swift in Sources */ = {isa = PBXBuildFile; fileRef = 9BDBD26D1F9FAC4D00CBC250 /* EditViewController.swift */; };
/* End PBXBuildFile section */

/* Begin PBXFileReference section */
		9B5758C71FA0C22400BD58F6 /* EditNameDelegate.swift */ = {isa = PBXFileReference; lastKnownFileType = sourcecode.swift; path = EditNameDelegate.swift; sourceTree = "<group>"; };
		9BDBD2561F9FA95C00CBC250 /* UserProfile.app */ = {isa = PBXFileReference; explicitFileType = wrapper.application; includeInIndex = 0; path = UserProfile.app; sourceTree = BUILT_PRODUCTS_DIR; };
		9BDBD2591F9FA95C00CBC250 /* AppDelegate.swift */ = {isa = PBXFileReference; lastKnownFileType = sourcecode.swift; path = AppDelegate.swift; sourceTree = "<group>"; };
		9BDBD25E1F9FA95C00CBC250 /* Base */ = {isa = PBXFileReference; lastKnownFileType = file.storyboard; name = Base; path = Base.lproj/Main.storyboard; sourceTree = "<group>"; };
		9BDBD2601F9FA95C00CBC250 /* Assets.xcassets */ = {isa = PBXFileReference; lastKnownFileType = folder.assetcatalog; path = Assets.xcassets; sourceTree = "<group>"; };
		9BDBD2631F9FA95C00CBC250 /* Base */ = {isa = PBXFileReference; lastKnownFileType = file.storyboard; name = Base; path = Base.lproj/LaunchScreen.storyboard; sourceTree = "<group>"; };
		9BDBD2651F9FA95C00CBC250 /* Info.plist */ = {isa = PBXFileReference; lastKnownFileType = text.plist.xml; path = Info.plist; sourceTree = "<group>"; };
		9BDBD26B1F9FAAD100CBC250 /* ProfileViewController.swift */ = {isa = PBXFileReference; lastKnownFileType = sourcecode.swift; path = ProfileViewController.swift; sourceTree = "<group>"; };
		9BDBD26D1F9FAC4D00CBC250 /* EditViewController.swift */ = {isa = PBXFileReference; lastKnownFileType = sourcecode.swift; path = EditViewController.swift; sourceTree = "<group>"; };
/* End PBXFileReference section */

/* Begin PBXFrameworksBuildPhase section */
		9BDBD2531F9FA95C00CBC250 /* Frameworks */ = {
			isa = PBXFrameworksBuildPhase;
			buildActionMask = 2147483647;
			files = (
			);
			runOnlyForDeploymentPostprocessing = 0;
		};
/* End PBXFrameworksBuildPhase section */

/* Begin PBXGroup section */
		9BDBD24D1F9FA95C00CBC250 = {
			isa = PBXGroup;
			children = (
				9BDBD2581F9FA95C00CBC250 /* UserProfile */,
				9BDBD2571F9FA95C00CBC250 /* Products */,
			);
			sourceTree = "<group>";
		};
		9BDBD2571F9FA95C00CBC250 /* Products */ = {
			isa = PBXGroup;
			children = (
				9BDBD2561F9FA95C00CBC250 /* UserProfile.app */,
			);
			name = Products;
			sourceTree = "<group>";
		};
		9BDBD2581F9FA95C00CBC250 /* UserProfile */ = {
			isa = PBXGroup;
			children = (
				9BDBD26B1F9FAAD100CBC250 /* ProfileViewController.swift */,
				9BDBD26D1F9FAC4D00CBC250 /* EditViewController.swift */,
				9B5758C71FA0C22400BD58F6 /* EditNameDelegate.swift */,
				9BDBD2591F9FA95C00CBC250 /* AppDelegate.swift */,
				9BDBD25D1F9FA95C00CBC250 /* Main.storyboard */,
				9BDBD2601F9FA95C00CBC250 /* Assets.xcassets */,
				9BDBD2621F9FA95C00CBC250 /* LaunchScreen.storyboard */,
				9BDBD2651F9FA95C00CBC250 /* Info.plist */,
			);
			path = UserProfile;
			sourceTree = "<group>";
		};
/* End PBXGroup section */

/* Begin PBXNativeTarget section */
		9BDBD2551F9FA95C00CBC250 /* UserProfile */ = {
			isa = PBXNativeTarget;
			buildConfigurationList = 9BDBD2681F9FA95C00CBC250 /* Build configuration list for PBXNativeTarget "UserProfile" */;
			buildPhases = (
				9BDBD2521F9FA95C00CBC250 /* Sources */,
				9BDBD2531F9FA95C00CBC250 /* Frameworks */,
				9BDBD2541F9FA95C00CBC250 /* Resources */,
			);
			buildRules = (
			);
			dependencies = (
			);
			name = UserProfile;
			productName = UserProfile;
			productReference = 9BDBD2561F9FA95C00CBC250 /* UserProfile.app */;
			productType = "com.apple.product-type.application";
		};
/* End PBXNativeTarget section */

/* Begin PBXProject section */
		9BDBD24E1F9FA95C00CBC250 /* Project object */ = {
			isa = PBXProject;
			attributes = {
				LastSwiftUpdateCheck = 0900;
				LastUpgradeCheck = 0900;
				ORGANIZATIONNAME = "Elena Goroshko";
				TargetAttributes = {
					9BDBD2551F9FA95C00CBC250 = {
						CreatedOnToolsVersion = 9.0;
						ProvisioningStyle = Automatic;
					};
				};
			};
			buildConfigurationList = 9BDBD2511F9FA95C00CBC250 /* Build configuration list for PBXProject "UserProfile" */;
			compatibilityVersion = "Xcode 8.0";
			developmentRegion = en;
			hasScannedForEncodings = 0;
			knownRegions = (
				en,
				Base,
			);
			mainGroup = 9BDBD24D1F9FA95C00CBC250;
			productRefGroup = 9BDBD2571F9FA95C00CBC250 /* Products */;
			projectDirPath = "";
			projectRoot = "";
			targets = (
				9BDBD2551F9FA95C00CBC250 /* UserProfile */,
			);
		};
/* End PBXProject section */

/* Begin PBXResourcesBuildPhase section */
		9BDBD2541F9FA95C00CBC250 /* Resources */ = {
			isa = PBXResourcesBuildPhase;
			buildActionMask = 2147483647;
			files = (
				9BDBD2641F9FA95C00CBC250 /* LaunchScreen.storyboard in Resources */,
				9BDBD2611F9FA95C00CBC250 /* Assets.xcassets in Resources */,
				9BDBD25F1F9FA95C00CBC250 /* Main.storyboard in Resources */,
			);
			runOnlyForDeploymentPostprocessing = 0;
		};
/* End PBXResourcesBuildPhase section */

/* Begin PBXSourcesBuildPhase section */
		9BDBD2521F9FA95C00CBC250 /* Sources */ = {
			isa = PBXSourcesBuildPhase;
			buildActionMask = 2147483647;
			files = (
				9BDBD26C1F9FAAD100CBC250 /* ProfileViewController.swift in Sources */,
				9BDBD25A1F9FA95C00CBC250 /* AppDelegate.swift in Sources */,
				9BDBD26E1F9FAC4D00CBC250 /* EditViewController.swift in Sources */,
				9B5758C81FA0C22400BD58F6 /* EditNameDelegate.swift in Sources */,
			);
			runOnlyForDeploymentPostprocessing = 0;
		};
/* End PBXSourcesBuildPhase section */

/* Begin PBXVariantGroup section */
		9BDBD25D1F9FA95C00CBC250 /* Main.storyboard */ = {
			isa = PBXVariantGroup;
			children = (
				9BDBD25E1F9FA95C00CBC250 /* Base */,
			);
			name = Main.storyboard;
			sourceTree = "<group>";
		};
		9BDBD2621F9FA95C00CBC250 /* LaunchScreen.storyboard */ = {
			isa = PBXVariantGroup;
			children = (
				9BDBD2631F9FA95C00CBC250 /* Base */,
			);
			name = LaunchScreen.storyboard;
			sourceTree = "<group>";
		};
/* End PBXVariantGroup section */

/* Begin XCBuildConfiguration section */
		9BDBD2661F9FA95C00CBC250 /* Debug */ = {
			isa = XCBuildConfiguration;
			buildSettings = {
				ALWAYS_SEARCH_USER_PATHS = NO;
				CLANG_ANALYZER_NONNULL = YES;
				CLANG_ANALYZER_NUMBER_OBJECT_CONVERSION = YES_AGGRESSIVE;
				CLANG_CXX_LANGUAGE_STANDARD = "gnu++14";
				CLANG_CXX_LIBRARY = "libc++";
				CLANG_ENABLE_MODULES = YES;
				CLANG_ENABLE_OBJC_ARC = YES;
				CLANG_WARN_BLOCK_CAPTURE_AUTORELEASING = YES;
				CLANG_WARN_BOOL_CONVERSION = YES;
				CLANG_WARN_COMMA = YES;
				CLANG_WARN_CONSTANT_CONVERSION = YES;
				CLANG_WARN_DIRECT_OBJC_ISA_USAGE = YES_ERROR;
				CLANG_WARN_DOCUMENTATION_COMMENTS = YES;
				CLANG_WARN_EMPTY_BODY = YES;
				CLANG_WARN_ENUM_CONVERSION = YES;
				CLANG_WARN_INFINITE_RECURSION = YES;
				CLANG_WARN_INT_CONVERSION = YES;
				CLANG_WARN_NON_LITERAL_NULL_CONVERSION = YES;
				CLANG_WARN_OBJC_LITERAL_CONVERSION = YES;
				CLANG_WARN_OBJC_ROOT_CLASS = YES_ERROR;
				CLANG_WARN_RANGE_LOOP_ANALYSIS = YES;
				CLANG_WARN_STRICT_PROTOTYPES = YES;
				CLANG_WARN_SUSPICIOUS_MOVE = YES;
				CLANG_WARN_UNGUARDED_AVAILABILITY = YES_AGGRESSIVE;
				CLANG_WARN_UNREACHABLE_CODE = YES;
				CLANG_WARN__DUPLICATE_METHOD_MATCH = YES;
				CODE_SIGN_IDENTITY = "iPhone Developer";
				COPY_PHASE_STRIP = NO;
				DEBUG_INFORMATION_FORMAT = dwarf;
				ENABLE_STRICT_OBJC_MSGSEND = YES;
				ENABLE_TESTABILITY = YES;
				GCC_C_LANGUAGE_STANDARD = gnu11;
				GCC_DYNAMIC_NO_PIC = NO;
				GCC_NO_COMMON_BLOCKS = YES;
				GCC_OPTIMIZATION_LEVEL = 0;
				GCC_PREPROCESSOR_DEFINITIONS = (
					"DEBUG=1",
					"$(inherited)",
				);
				GCC_WARN_64_TO_32_BIT_CONVERSION = YES;
				GCC_WARN_ABOUT_RETURN_TYPE = YES_ERROR;
				GCC_WARN_UNDECLARED_SELECTOR = YES;
				GCC_WARN_UNINITIALIZED_AUTOS = YES_AGGRESSIVE;
				GCC_WARN_UNUSED_FUNCTION = YES;
				GCC_WARN_UNUSED_VARIABLE = YES;
				IPHONEOS_DEPLOYMENT_TARGET = 11.0;
				MTL_ENABLE_DEBUG_INFO = YES;
				ONLY_ACTIVE_ARCH = YES;
				SDKROOT = iphoneos;
				SWIFT_ACTIVE_COMPILATION_CONDITIONS = DEBUG;
				SWIFT_OPTIMIZATION_LEVEL = "-Onone";
			};
			name = Debug;
		};
		9BDBD2671F9FA95C00CBC250 /* Release */ = {
			isa = XCBuildConfiguration;
			buildSettings = {
				ALWAYS_SEARCH_USER_PATHS = NO;
				CLANG_ANALYZER_NONNULL = YES;
				CLANG_ANALYZER_NUMBER_OBJECT_CONVERSION = YES_AGGRESSIVE;
				CLANG_CXX_LANGUAGE_STANDARD = "gnu++14";
				CLANG_CXX_LIBRARY = "libc++";
				CLANG_ENABLE_MODULES = YES;
				CLANG_ENABLE_OBJC_ARC = YES;
				CLANG_WARN_BLOCK_CAPTURE_AUTORELEASING = YES;
				CLANG_WARN_BOOL_CONVERSION = YES;
				CLANG_WARN_COMMA = YES;
				CLANG_WARN_CONSTANT_CONVERSION = YES;
				CLANG_WARN_DIRECT_OBJC_ISA_USAGE = YES_ERROR;
				CLANG_WARN_DOCUMENTATION_COMMENTS = YES;
				CLANG_WARN_EMPTY_BODY = YES;
				CLANG_WARN_ENUM_CONVERSION = YES;
				CLANG_WARN_INFINITE_RECURSION = YES;
				CLANG_WARN_INT_CONVERSION = YES;
				CLANG_WARN_NON_LITERAL_NULL_CONVERSION = YES;
				CLANG_WARN_OBJC_LITERAL_CONVERSION = YES;
				CLANG_WARN_OBJC_ROOT_CLASS = YES_ERROR;
				CLANG_WARN_RANGE_LOOP_ANALYSIS = YES;
				CLANG_WARN_STRICT_PROTOTYPES = YES;
				CLANG_WARN_SUSPICIOUS_MOVE = YES;
				CLANG_WARN_UNGUARDED_AVAILABILITY = YES_AGGRESSIVE;
				CLANG_WARN_UNREACHABLE_CODE = YES;
				CLANG_WARN__DUPLICATE_METHOD_MATCH = YES;
				CODE_SIGN_IDENTITY = "iPhone Developer";
				COPY_PHASE_STRIP = NO;
				DEBUG_INFORMATION_FORMAT = "dwarf-with-dsym";
				ENABLE_NS_ASSERTIONS = NO;
				ENABLE_STRICT_OBJC_MSGSEND = YES;
				GCC_C_LANGUAGE_STANDARD = gnu11;
				GCC_NO_COMMON_BLOCKS = YES;
				GCC_WARN_64_TO_32_BIT_CONVERSION = YES;
				GCC_WARN_ABOUT_RETURN_TYPE = YES_ERROR;
				GCC_WARN_UNDECLARED_SELECTOR = YES;
				GCC_WARN_UNINITIALIZED_AUTOS = YES_AGGRESSIVE;
				GCC_WARN_UNUSED_FUNCTION = YES;
				GCC_WARN_UNUSED_VARIABLE = YES;
				IPHONEOS_DEPLOYMENT_TARGET = 11.0;
				MTL_ENABLE_DEBUG_INFO = NO;
				SDKROOT = iphoneos;
				SWIFT_OPTIMIZATION_LEVEL = "-Owholemodule";
				VALIDATE_PRODUCT = YES;
			};
			name = Release;
		};
		9BDBD2691F9FA95C00CBC250 /* Debug */ = {
			isa = XCBuildConfiguration;
			buildSettings = {
				ASSETCATALOG_COMPILER_APPICON_NAME = AppIcon;
				CODE_SIGN_STYLE = Automatic;
				INFOPLIST_FILE = UserProfile/Info.plist;
				LD_RUNPATH_SEARCH_PATHS = "$(inherited) @executable_path/Frameworks";
				PRODUCT_BUNDLE_IDENTIFIER = ElenaGoroshko.UserProfile;
				PRODUCT_NAME = "$(TARGET_NAME)";
				SWIFT_VERSION = 4.0;
				TARGETED_DEVICE_FAMILY = "1,2";
			};
			name = Debug;
		};
		9BDBD26A1F9FA95C00CBC250 /* Release */ = {
			isa = XCBuildConfiguration;
			buildSettings = {
				ASSETCATALOG_COMPILER_APPICON_NAME = AppIcon;
				CODE_SIGN_STYLE = Automatic;
				INFOPLIST_FILE = UserProfile/Info.plist;
				LD_RUNPATH_SEARCH_PATHS = "$(inherited) @executable_path/Frameworks";
				PRODUCT_BUNDLE_IDENTIFIER = ElenaGoroshko.UserProfile;
				PRODUCT_NAME = "$(TARGET_NAME)";
				SWIFT_VERSION = 4.0;
				TARGETED_DEVICE_FAMILY = "1,2";
			};
			name = Release;
		};
/* End XCBuildConfiguration section */

/* Begin XCConfigurationList section */
		9BDBD2511F9FA95C00CBC250 /* Build configuration list for PBXProject "UserProfile" */ = {
			isa = XCConfigurationList;
			buildConfigurations = (
				9BDBD2661F9FA95C00CBC250 /* Debug */,
				9BDBD2671F9FA95C00CBC250 /* Release */,
			);
			defaultConfigurationIsVisible = 0;
			defaultConfigurationName = Release;
		};
		9BDBD2681F9FA95C00CBC250 /* Build configuration list for PBXNativeTarget "UserProfile" */ = {
			isa = XCConfigurationList;
			buildConfigurations = (
				9BDBD2691F9FA95C00CBC250 /* Debug */,
				9BDBD26A1F9FA95C00CBC250 /* Release */,
			);
			defaultConfigurationIsVisible = 0;
			defaultConfigurationName = Release;
		};
/* End XCConfigurationList section */
	};
	rootObject = 9BDBD24E1F9FA95C00CBC250 /* Project object */;
}
